<?xml version="1.0" encoding="utf-8"?>
<Project ToolsVersion="4.0" xmlns="http://schemas.microsoft.com/developer/msbuild/2003">
  <ItemGroup>
    <Filter Include="Source Files">
      <UniqueIdentifier>{4FC737F1-C7A5-4376-A066-2A32D752A2FF}</UniqueIdentifier>
      <Extensions>cpp;c;cc;cxx;def;odl;idl;hpj;bat;asm;asmx</Extensions>
    </Filter>
    <Filter Include="Header Files">
      <UniqueIdentifier>{93995380-89BD-4b04-88EB-625FBE52EBFB}</UniqueIdentifier>
      <Extensions>h;hpp;hxx;hm;inl;inc;xsd</Extensions>
    </Filter>
    <Filter Include="asm">
      <UniqueIdentifier>{a3aa71df-ac48-4558-ab8c-16821a069ca6}</UniqueIdentifier>
    </Filter>
    <Filter Include="asm\x86">
      <UniqueIdentifier>{da4ac0c0-18fe-459d-9312-0da2546ccbd5}</UniqueIdentifier>
    </Filter>
    <Filter Include="asm\x86_64">
      <UniqueIdentifier>{b7c40491-6325-4fef-b767-20d914d58ea8}</UniqueIdentifier>
    </Filter>
    <Filter Include="crypto">
      <UniqueIdentifier>{0d75989c-0a10-4f6c-a6ad-f88fc4ad3a15}</UniqueIdentifier>
    </Filter>
    <Filter Include="cpuid">
      <UniqueIdentifier>{3750a380-5d88-44be-b9e8-d3c42f14a71a}</UniqueIdentifier>
    </Filter>
    <Filter Include="rng">
      <UniqueIdentifier>{8153f36e-4571-431a-81ff-1bf6221f4981}</UniqueIdentifier>
    </Filter>
    <Filter Include="utils">
      <UniqueIdentifier>{4cc9b1db-fb84-485d-8d2e-e485f0e2522b}</UniqueIdentifier>
    </Filter>
    <Filter Include="asn1">
      <UniqueIdentifier>{8f9858de-b084-42e3-8d87-5e9f63b8845b}</UniqueIdentifier>
    </Filter>
    <Filter Include="crypto\utils">
      <UniqueIdentifier>{cc0cfa6c-3380-4edd-83ff-b85addc0ba97}</UniqueIdentifier>
    </Filter>
    <Filter Include="crypto\ec">
      <UniqueIdentifier>{c90fa362-7495-434e-8024-15ec5284ab48}</UniqueIdentifier>
    </Filter>
    <Filter Include="crypto\pkc">
      <UniqueIdentifier>{4b76544d-0f59-474f-90b2-edae9f6bab48}</UniqueIdentifier>
    </Filter>
  </ItemGroup>
  <ItemGroup>
    <ClCompile Include="..\..\crypto\sha512.c">
      <Filter>crypto</Filter>
    </ClCompile>
    <ClCompile Include="..\..\cpuid\cpu_features.c">
      <Filter>cpuid</Filter>
    </ClCompile>
    <ClCompile Include="..\..\crypto\rng\isaac.c">
      <Filter>rng</Filter>
    </ClCompile>
    <ClCompile Include="..\..\crypto\rng\std_random.cpp">
      <Filter>rng</Filter>
    </ClCompile>
    <ClCompile Include="..\..\crypto\rng\sys_random_win.cpp">
      <Filter>rng</Filter>
    </ClCompile>
    <ClCompile Include="..\..\crypto\pkc\pkc_rsa.cpp">
      <Filter>crypto\pkc</Filter>
    </ClCompile>
    <ClCompile Include="main.cpp">
      <Filter>Source Files</Filter>
    </ClCompile>
    <ClCompile Include="..\..\utils\base64.cpp">
      <Filter>utils</Filter>
    </ClCompile>
    <ClCompile Include="..\..\crypto\asn1\decoder.cpp">
      <Filter>asn1</Filter>
    </ClCompile>
    <ClCompile Include="..\..\crypto\asn1\element.cpp">
      <Filter>asn1</Filter>
    </ClCompile>
    <ClCompile Include="..\..\crypto\hash_factory.c">
      <Filter>crypto</Filter>
    </ClCompile>
    <ClCompile Include="..\..\crypto\sha1.c">
      <Filter>crypto</Filter>
    </ClCompile>
    <ClCompile Include="..\..\crypto\sha256.c">
      <Filter>crypto</Filter>
    </ClCompile>
    <ClCompile Include="..\..\crypto\md5.c">
      <Filter>crypto</Filter>
    </ClCompile>
    <ClCompile Include="..\..\crypto\oid_search.cpp">
      <Filter>crypto</Filter>
    </ClCompile>
    <ClCompile Include="..\..\crypto\oid_def.cpp">
      <Filter>crypto</Filter>
    </ClCompile>
    <ClCompile Include="..\..\crypto\asn1\encoder.cpp">
      <Filter>asn1</Filter>
    </ClCompile>
    <ClCompile Include="..\..\crypto\sha3.c">
      <Filter>crypto</Filter>
    </ClCompile>
    <ClCompile Include="..\..\utils\str_int_cvt.cpp">
      <Filter>utils</Filter>
    </ClCompile>
    <ClCompile Include="..\common\file_utils.cpp">
      <Filter>utils</Filter>
    </ClCompile>
    <ClCompile Include="..\..\crypto\pkc\pkc_dsa.cpp">
      <Filter>crypto\pkc</Filter>
    </ClCompile>
    <ClCompile Include="..\..\crypto\pkc\gen_k.cpp">
      <Filter>crypto\pkc</Filter>
    </ClCompile>
    <ClCompile Include="..\..\crypto\hmac.c">
      <Filter>crypto</Filter>
    </ClCompile>
    <ClCompile Include="..\..\crypto\utils\random_range.cpp">
      <Filter>crypto\utils</Filter>
    </ClCompile>
    <ClCompile Include="..\..\crypto\utils\pem_file.cpp">
      <Filter>crypto\utils</Filter>
    </ClCompile>
    <ClCompile Include="..\..\crypto\ec\curves_wei.cpp">
      <Filter>crypto\ec</Filter>
    </ClCompile>
    <ClCompile Include="..\..\crypto\ec\ec_wei.c">
      <Filter>crypto\ec</Filter>
    </ClCompile>
    <ClCompile Include="..\..\crypto\ec\ec_weij.c">
      <Filter>crypto\ec</Filter>
    </ClCompile>
    <ClCompile Include="..\..\crypto\ec\ec_weip.c">
      <Filter>crypto\ec</Filter>
    </ClCompile>
    <ClCompile Include="..\..\crypto\pkc\pkc_ecdsa.cpp">
      <Filter>crypto\pkc</Filter>
    </ClCompile>
  </ItemGroup>
  <ItemGroup>
    <ClInclude Include="..\..\crypto\sha512.h">
      <Filter>crypto</Filter>
    </ClInclude>
    <ClInclude Include="..\..\cpuid\cpu_features.h">
      <Filter>cpuid</Filter>
    </ClInclude>
    <ClInclude Include="..\..\crypto\rng\isaac.h">
      <Filter>rng</Filter>
    </ClInclude>
    <ClInclude Include="..\..\crypto\rng\random_gen.h">
      <Filter>rng</Filter>
    </ClInclude>
    <ClInclude Include="..\..\crypto\rng\std_random.h">
      <Filter>rng</Filter>
    </ClInclude>
    <ClInclude Include="..\..\crypto\rng\sys_random.h">
      <Filter>rng</Filter>
    </ClInclude>
    <ClInclude Include="..\..\crypto\rng\sys_random_win.h">
      <Filter>rng</Filter>
    </ClInclude>
    <ClInclude Include="..\..\crypto\pkc\pkc_base.h">
      <Filter>crypto\pkc</Filter>
    </ClInclude>
    <ClInclude Include="..\..\crypto\pkc\pkc_rsa.h">
      <Filter>crypto\pkc</Filter>
    </ClInclude>
    <ClInclude Include="..\..\utils\base64.h">
      <Filter>utils</Filter>
    </ClInclude>
    <ClInclude Include="..\..\crypto\asn1\decoder.h">
      <Filter>asn1</Filter>
    </ClInclude>
    <ClInclude Include="..\..\crypto\asn1\element.h">
      <Filter>asn1</Filter>
    </ClInclude>
    <ClInclude Include="..\..\crypto\hash_factory.h">
      <Filter>crypto</Filter>
    </ClInclude>
    <ClInclude Include="..\..\crypto\sha1.h">
      <Filter>crypto</Filter>
    </ClInclude>
    <ClInclude Include="..\..\crypto\sha256.h">
      <Filter>crypto</Filter>
    </ClInclude>
    <ClInclude Include="..\..\crypto\md5.h">
      <Filter>crypto</Filter>
    </ClInclude>
    <ClInclude Include="..\..\crypto\oid_search.h">
      <Filter>crypto</Filter>
    </ClInclude>
    <ClInclude Include="..\..\crypto\oid_def.h">
      <Filter>crypto</Filter>
    </ClInclude>
    <ClInclude Include="..\..\crypto\asn1\encoder.h">
      <Filter>asn1</Filter>
    </ClInclude>
    <ClInclude Include="..\..\crypto\sha3.h">
      <Filter>crypto</Filter>
    </ClInclude>
    <ClInclude Include="..\..\crypto\pkc\utils.h">
      <Filter>crypto\pkc</Filter>
    </ClInclude>
    <ClInclude Include="..\..\utils\str_int_cvt.h">
      <Filter>utils</Filter>
    </ClInclude>
    <ClInclude Include="..\common\file_utils.h">
      <Filter>utils</Filter>
    </ClInclude>
    <ClInclude Include="..\..\crypto\pkc\pkc_dsa.h">
      <Filter>crypto\pkc</Filter>
    </ClInclude>
    <ClInclude Include="..\..\crypto\hmac.h">
      <Filter>crypto</Filter>
    </ClInclude>
    <ClInclude Include="..\..\crypto\utils\random_range.h">
      <Filter>crypto\utils</Filter>
    </ClInclude>
    <ClInclude Include="..\..\crypto\utils\pem_file.h">
      <Filter>crypto\utils</Filter>
    </ClInclude>
    <ClInclude Include="..\..\crypto\ec\curves_wei.h">
      <Filter>crypto\ec</Filter>
    </ClInclude>
    <ClInclude Include="..\..\crypto\ec\ec_common.h">
      <Filter>crypto\ec</Filter>
    </ClInclude>
    <ClInclude Include="..\..\crypto\ec\ec_wei.h">
      <Filter>crypto\ec</Filter>
    </ClInclude>
    <ClInclude Include="..\..\crypto\ec\ec_weij.h">
      <Filter>crypto\ec</Filter>
    </ClInclude>
    <ClInclude Include="..\..\crypto\ec\ec_weip.h">
      <Filter>crypto\ec</Filter>
    </ClInclude>
    <ClInclude Include="..\..\crypto\oid_const.h">
      <Filter>crypto</Filter>
    </ClInclude>
    <ClInclude Include="..\..\crypto\pkc\pkc_ecdsa.h">
      <Filter>crypto\pkc</Filter>
    </ClInclude>
  </ItemGroup>
  <ItemGroup>
    <CustomBuild Include="..\..\crypto\x86\rdrand.asm">
      <Filter>asm\x86</Filter>
    </CustomBuild>
    <CustomBuild Include="..\..\crypto\x86_64-ms\rdrand.asm">
      <Filter>asm\x86_64</Filter>
    </CustomBuild>
  </ItemGroup>
</Project>